
Microsoft Visual Studio Solution File, Format Version 12.00
# Visual Studio Version 17
VisualStudioVersion = 17.2.32630.192
MinimumVisualStudioVersion = 10.0.40219.1
Project("{FAE04EC0-301F-11D3-BF4B-00C04F79EFBC}") = "Lista", "Lista\Lista.csproj", "{36A171E5-64A2-4D7D-9090-DA5E701AB5AB}"
EndProject
Project("{FAE04EC0-301F-11D3-BF4B-00C04F79EFBC}") = "ListaRealOficial", "ListaRealOficial\ListaRealOficial.csproj", "{9CD82C3F-FBD1-4609-953C-C65F6AB5910C}"
EndProject
Global
	GlobalSection(SolutionConfigurationPlatforms) = preSolution
		Debug|Any CPU = Debug|Any CPU
		Release|Any CPU = Release|Any CPU
	EndGlobalSection
	GlobalSection(ProjectConfigurationPlatforms) = postSolution
		{36A171E5-64A2-4D7D-9090-DA5E701AB5AB}.Debug|Any CPU.ActiveCfg = Debug|Any CPU
		{36A171E5-64A2-4D7D-9090-DA5E701AB5AB}.Debug|Any CPU.Build.0 = Debug|Any CPU
		{36A171E5-64A2-4D7D-9090-DA5E701AB5AB}.Release|Any CPU.ActiveCfg = Release|Any CPU
		{36A171E5-64A2-4D7D-9090-DA5E701AB5AB}.Release|Any CPU.Build.0 = Release|Any CPU
		{9CD82C3F-FBD1-4609-953C-C65F6AB5910C}.Debug|Any CPU.ActiveCfg = Debug|Any CPU
		{9CD82C3F-FBD1-4609-953C-C65F6AB5910C}.Debug|Any CPU.Build.0 = Debug|Any CPU
		{9CD82C3F-FBD1-4609-953C-C65F6AB5910C}.Release|Any CPU.ActiveCfg = Release|Any CPU
		{9CD82C3F-FBD1-4609-953C-C65F6AB5910C}.Release|Any CPU.Build.0 = Release|Any CPU
	EndGlobalSection
	GlobalSection(SolutionProperties) = preSolution
		HideSolutionNode = FALSE
	EndGlobalSection
	GlobalSection(ExtensibilityGlobals) = postSolution
		SolutionGuid = {6E95DC4D-0C27-4ADB-BAB9-AEE9AD2FC313}
	EndGlobalSection
EndGlobal
